PODS:
  - audioplayers_darwin (0.0.1):
    - Flutter
    - FlutterMacOS
  - Flutter (1.0.0)
  - Foil (5.1.2)
  - NordicDFU (4.16.0):
    - ZIPFoundation (= 0.9.19)
  - permission_handler_apple (9.3.0):
    - Flutter
  - RxRelay (6.9.0):
    - RxSwift (= 6.9.0)
  - RxSwift (6.9.0)
  - shared_preferences_foundation (0.0.1):
    - Flutter
    - FlutterMacOS
  - SwiftDate (7.0.0)
  - SwiftyBeaver (1.9.5)
  - ZIPFoundation (0.9.19)

DEPENDENCIES:
  - audioplayers_darwin (from `.symlinks/plugins/audioplayers_darwin/darwin`)
  - Flutter (from `Flutter`)
  - Foil
  - NordicDFU
  - permission_handler_apple (from `.symlinks/plugins/permission_handler_apple/ios`)
  - RxRelay
  - RxSwift
  - shared_preferences_foundation (from `.symlinks/plugins/shared_preferences_foundation/darwin`)
  - SwiftDate
  - SwiftyBeaver
  - ZIPFoundation

SPEC REPOS:
  trunk:
    - Foil
    - NordicDFU
    - RxRelay
    - RxSwift
    - SwiftDate
    - SwiftyBeaver
    - ZIPFoundation

EXTERNAL SOURCES:
  audioplayers_darwin:
    :path: ".symlinks/plugins/audioplayers_darwin/darwin"
  Flutter:
    :path: Flutter
  permission_handler_apple:
    :path: ".symlinks/plugins/permission_handler_apple/ios"
  shared_preferences_foundation:
    :path: ".symlinks/plugins/shared_preferences_foundation/darwin"

SPEC CHECKSUMS:
  audioplayers_darwin: 4027b33a8f471d996c13f71cb77f0b1583b5d923
  Flutter: cabc95a1d2626b1b06e7179b784ebcf0c0cde467
  Foil: 4c86d5cc74b811061f5d98649d1ea06365f684fd
  NordicDFU: 116a4ec458945889f8e0e71759e03b23c39c3482
  permission_handler_apple: 9878588469a2b0d0fc1e048d9f43605f92e6cec2
  RxRelay: 6b0c930e5cef57d5fe2032571e5e65b78e3cbdb1
  RxSwift: 31649ace6aceeb422e16ff71c60804f9c3281ed9
  shared_preferences_foundation: 5086985c1d43c5ba4d5e69a4e8083a389e2909e6
  SwiftDate: bbc26e26fc8c0c33fbee8c140c5e8a68293a148a
  SwiftyBeaver: 84069991dd5dca07d7069100985badaca7f0ce82
  ZIPFoundation: b8c29ea7ae353b309bc810586181fd073cb3312c

PODFILE CHECKSUM: 1018a45d7de8f78af723b587d991e7157a6c830f

COCOAPODS: 1.16.2
